
Microsoft Visual Studio Solution File, Format Version 12.00
# Visual Studio Version 16
VisualStudioVersion = 16.0.30717.126
MinimumVisualStudioVersion = 10.0.40219.1
Project("{FAE04EC0-301F-11D3-BF4B-00C04F79EFBC}") = "WebAutomationApp", "WebAutomatioApp\WebAutomationApp.csproj", "{AD474021-DBE6-45AB-A617-016F110C5CB0}"
EndProject
Global
	GlobalSection(SolutionConfigurationPlatforms) = preSolution
		Debug|Any CPU = Debug|Any CPU
		Release|Any CPU = Release|Any CPU
	EndGlobalSection
	GlobalSection(ProjectConfigurationPlatforms) = postSolution
		{AD474021-DBE6-45AB-A617-016F110C5CB0}.Debug|Any CPU.ActiveCfg = Debug|Any CPU
		{AD474021-DBE6-45AB-A617-016F110C5CB0}.Debug|Any CPU.Build.0 = Debug|Any CPU
		{AD474021-DBE6-45AB-A617-016F110C5CB0}.Release|Any CPU.ActiveCfg = Release|Any CPU
		{AD474021-DBE6-45AB-A617-016F110C5CB0}.Release|Any CPU.Build.0 = Release|Any CPU
	EndGlobalSection
	GlobalSection(SolutionProperties) = preSolution
		HideSolutionNode = FALSE
	EndGlobalSection
	GlobalSection(ExtensibilityGlobals) = postSolution
		SolutionGuid = {A42FAEF0-FACF-4123-8A7D-0EAC0EF16CE2}
	EndGlobalSection
EndGlobal
